{
  "name": "tipa2unicode",
  "version": "0.0.0",
  "lockfileVersion": 1,
  "requires": true,
  "dependencies": {
    "commander": {
      "version": "2.20.3",
      "resolved": "https://registry.npmjs.org/commander/-/commander-2.20.3.tgz",
      "integrity": "sha512-GpVkmM8vF2vQUkj2LvZmD35JxeJOLCwJ9cUkugyk2nuhbv3+mJvpLYYt+0+USMxE+oj+ey/lJEnhZw75x/OMcQ==",
      "optional": true
    },
    "latex-utensils": {
      "version": "4.1.0",
      "resolved": "https://registry.npmjs.org/latex-utensils/-/latex-utensils-4.1.0.tgz",
      "integrity": "sha512-IxvB1Fcd7EP6RHMDv8Wyqc3OVjidy3VaZ3W8ntNOX0fWQz9QdQLlOjU0dCBpyIhLkrXQyBu4/JO+DOUsCOoK3w==",
      "requires": {
        "commander": "^2.20.0",
        "pegjs-backtrace": "^0.2.0"
      }
    },
    "pegjs-backtrace": {
      "version": "0.2.1",
      "resolved": "https://registry.npmjs.org/pegjs-backtrace/-/pegjs-backtrace-0.2.1.tgz",
      "integrity": "sha512-rnVQiHyTE1wZG14Vl3Xk33ecrF7ZJ7ZW7jSgSlw4LdzBuhbyGVQ+oVApQ6tRi4QsII/xHgByHb6Ax68K6SPLhw==",
      "optional": true
    },
    "unicode": {
      "version": "14.0.0",
      "resolved": "https://registry.npmjs.org/unicode/-/unicode-14.0.0.tgz",
      "integrity": "sha512-BjinxTXkbm9Jomp/YBTMGusr4fxIG67fNGShHIRAL16Ur2GJTq2xvLi+sxuiJmInCmwqqev2BCFKyvbfp/yAkg=="
    }
  }
}
